
Microsoft Visual Studio Solution File, Format Version 12.00
# Visual Studio Version 17
VisualStudioVersion = 17.5.33530.505
MinimumVisualStudioVersion = 10.0.40219.1
Project("{FAE04EC0-301F-11D3-BF4B-00C04F79EFBC}") = "BarcodApp", "BarcodApp\BarcodApp.csproj", "{ADD2899A-3409-45C1-913E-9D154DB577F9}"
EndProject
Global
	GlobalSection(SolutionConfigurationPlatforms) = preSolution
		Debug|Any CPU = Debug|Any CPU
		Release|Any CPU = Release|Any CPU
	EndGlobalSection
	GlobalSection(ProjectConfigurationPlatforms) = postSolution
		{ADD2899A-3409-45C1-913E-9D154DB577F9}.Debug|Any CPU.ActiveCfg = Debug|Any CPU
		{ADD2899A-3409-45C1-913E-9D154DB577F9}.Debug|Any CPU.Build.0 = Debug|Any CPU
		{ADD2899A-3409-45C1-913E-9D154DB577F9}.Release|Any CPU.ActiveCfg = Release|Any CPU
		{ADD2899A-3409-45C1-913E-9D154DB577F9}.Release|Any CPU.Build.0 = Release|Any CPU
	EndGlobalSection
	GlobalSection(SolutionProperties) = preSolution
		HideSolutionNode = FALSE
	EndGlobalSection
	GlobalSection(ExtensibilityGlobals) = postSolution
		SolutionGuid = {3E1486D8-209C-46CD-85D3-814AC930DC74}
	EndGlobalSection
EndGlobal
